// !$*UTF8*$!
{
	archiveVersion = 1;
	classes = {
	};
	objectVersion = 50;
	objects = {

/* Begin PBXBuildFile section */
		9703757A241A30E300C46D51 /* Progress.swift in Sources */ = {isa = PBXBuildFile; fileRef = 97037579241A30E300C46D51 /* Progress.swift */; };
		97158B9D241B1D390025D97F /* AreaAnnotation.swift in Sources */ = {isa = PBXBuildFile; fileRef = 97158B9C241B1D390025D97F /* AreaAnnotation.swift */; };
		97383CA0241225E60076A135 /* AppDelegate.swift in Sources */ = {isa = PBXBuildFile; fileRef = 97383C9F241225E60076A135 /* AppDelegate.swift */; };
		97383CA2241225E60076A135 /* SceneDelegate.swift in Sources */ = {isa = PBXBuildFile; fileRef = 97383CA1241225E60076A135 /* SceneDelegate.swift */; };
		97383CA4241225E60076A135 /* ViewController.swift in Sources */ = {isa = PBXBuildFile; fileRef = 97383CA3241225E60076A135 /* ViewController.swift */; };
		97383CA7241225E60076A135 /* Main.storyboard in Resources */ = {isa = PBXBuildFile; fileRef = 97383CA5241225E60076A135 /* Main.storyboard */; };
		97383CAC241225E70076A135 /* Assets.xcassets in Resources */ = {isa = PBXBuildFile; fileRef = 97383CAB241225E70076A135 /* Assets.xcassets */; };
		97383CAF241225E70076A135 /* LaunchScreen.storyboard in Resources */ = {isa = PBXBuildFile; fileRef = 97383CAD241225E70076A135 /* LaunchScreen.storyboard */; };
		97383CBA241225E70076A135 /* KyotikaSTests.swift in Sources */ = {isa = PBXBuildFile; fileRef = 97383CB9241225E70076A135 /* KyotikaSTests.swift */; };
		97383CCA24122AEC0076A135 /* Vaults.sqlite in Resources */ = {isa = PBXBuildFile; fileRef = 97383CC924122AEC0076A135 /* Vaults.sqlite */; };
		97383CCD24122B1A0076A135 /* Vaults.xcdatamodeld in Sources */ = {isa = PBXBuildFile; fileRef = 97383CCB24122B1A0076A135 /* Vaults.xcdatamodeld */; };
		9739A771241B764A0090E055 /* AreaAnnotationView.swift in Sources */ = {isa = PBXBuildFile; fileRef = 9739A770241B764A0090E055 /* AreaAnnotationView.swift */; };
		97417DC02428A0E900CACBA0 /* LocationManager.swift in Sources */ = {isa = PBXBuildFile; fileRef = 97417DBF2428A0E900CACBA0 /* LocationManager.swift */; };
		9757DFFC2416365500DAA670 /* Vaults.swift in Sources */ = {isa = PBXBuildFile; fileRef = 9757DFFB2416365500DAA670 /* Vaults.swift */; };
		9757DFFE24163C6F00DAA670 /* TreasureAnnotation.swift in Sources */ = {isa = PBXBuildFile; fileRef = 9757DFFD24163C6F00DAA670 /* TreasureAnnotation.swift */; };
		9762E0A52424948A00EDFCFF /* EventViewController.swift in Sources */ = {isa = PBXBuildFile; fileRef = 9762E0A42424948A00EDFCFF /* EventViewController.swift */; };
		9763B9C2241C742E0038F396 /* TreasureHunterAnnotationView.swift in Sources */ = {isa = PBXBuildFile; fileRef = 9763B9C1241C742E0038F396 /* TreasureHunterAnnotationView.swift */; };
		9763B9C4241C748F0038F396 /* TreasureHunterAnnotation.swift in Sources */ = {isa = PBXBuildFile; fileRef = 9763B9C3241C748F0038F396 /* TreasureHunterAnnotation.swift */; };
		979D9933241760A600E510DD /* TreasureAnnotationView.swift in Sources */ = {isa = PBXBuildFile; fileRef = 979D9932241760A600E510DD /* TreasureAnnotationView.swift */; };
		979D99352417767A00E510DD /* QuizTableViewController.swift in Sources */ = {isa = PBXBuildFile; fileRef = 979D99342417767A00E510DD /* QuizTableViewController.swift */; };
		97B774422429DD850014A634 /* HelpTabBarViewController.swift in Sources */ = {isa = PBXBuildFile; fileRef = 97B774412429DD850014A634 /* HelpTabBarViewController.swift */; };
		97B774442429F7810014A634 /* WalkingTreasureHunterView.swift in Sources */ = {isa = PBXBuildFile; fileRef = 97B774432429F7810014A634 /* WalkingTreasureHunterView.swift */; };
		97E7F32C24244BF300D07D47 /* LandmarkTabBarController.swift in Sources */ = {isa = PBXBuildFile; fileRef = 97E7F32B24244BF300D07D47 /* LandmarkTabBarController.swift */; };
		97E7F32E24244DAA00D07D47 /* LandmarkInfoViewController.swift in Sources */ = {isa = PBXBuildFile; fileRef = 97E7F32D24244DAA00D07D47 /* LandmarkInfoViewController.swift */; };
		97E7F3302424714700D07D47 /* KeywordTableViewControllerDelegate.swift in Sources */ = {isa = PBXBuildFile; fileRef = 97E7F32F2424714700D07D47 /* KeywordTableViewControllerDelegate.swift */; };
		97EB5F972422F49F000E21C6 /* VaultTabBarController.swift in Sources */ = {isa = PBXBuildFile; fileRef = 97EB5F962422F49F000E21C6 /* VaultTabBarController.swift */; };
		97EB5F992422F4B9000E21C6 /* LandmarkTableViewController.swift in Sources */ = {isa = PBXBuildFile; fileRef = 97EB5F982422F4B9000E21C6 /* LandmarkTableViewController.swift */; };
		97EB5F9B24233606000E21C6 /* KeywordTableViewController.swift in Sources */ = {isa = PBXBuildFile; fileRef = 97EB5F9A24233606000E21C6 /* KeywordTableViewController.swift */; };
		97EB5FBF24234E75000E21C6 /* DetailKeywordTableViewController.swift in Sources */ = {isa = PBXBuildFile; fileRef = 97EB5FBE24234E75000E21C6 /* DetailKeywordTableViewController.swift */; };
/* End PBXBuildFile section */

/* Begin PBXContainerItemProxy section */
		97383CB6241225E70076A135 /* PBXContainerItemProxy */ = {
			isa = PBXContainerItemProxy;
			containerPortal = 97383C94241225E60076A135 /* Project object */;
			proxyType = 1;
			remoteGlobalIDString = 97383C9B241225E60076A135;
			remoteInfo = KyotikaS;
		};
/* End PBXContainerItemProxy section */

/* Begin PBXFileReference section */
		97037579241A30E300C46D51 /* Progress.swift */ = {isa = PBXFileReference; lastKnownFileType = sourcecode.swift; path = Progress.swift; sourceTree = "<group>"; };
		97158B9C241B1D390025D97F /* AreaAnnotation.swift */ = {isa = PBXFileReference; lastKnownFileType = sourcecode.swift; path = AreaAnnotation.swift; sourceTree = "<group>"; };
		97383C9C241225E60076A135 /* KyotikaS.app */ = {isa = PBXFileReference; explicitFileType = wrapper.application; includeInIndex = 0; path = KyotikaS.app; sourceTree = BUILT_PRODUCTS_DIR; };
		97383C9F241225E60076A135 /* AppDelegate.swift */ = {isa = PBXFileReference; lastKnownFileType = sourcecode.swift; path = AppDelegate.swift; sourceTree = "<group>"; };
		97383CA1241225E60076A135 /* SceneDelegate.swift */ = {isa = PBXFileReference; lastKnownFileType = sourcecode.swift; path = SceneDelegate.swift; sourceTree = "<group>"; };
		97383CA3241225E60076A135 /* ViewController.swift */ = {isa = PBXFileReference; lastKnownFileType = sourcecode.swift; path = ViewController.swift; sourceTree = "<group>"; };
		97383CA6241225E60076A135 /* Base */ = {isa = PBXFileReference; lastKnownFileType = file.storyboard; name = Base; path = Base.lproj/Main.storyboard; sourceTree = "<group>"; };
		97383CAB241225E70076A135 /* Assets.xcassets */ = {isa = PBXFileReference; lastKnownFileType = folder.assetcatalog; path = Assets.xcassets; sourceTree = "<group>"; };
		97383CAE241225E70076A135 /* Base */ = {isa = PBXFileReference; lastKnownFileType = file.storyboard; name = Base; path = Base.lproj/LaunchScreen.storyboard; sourceTree = "<group>"; };
		97383CB0241225E70076A135 /* Info.plist */ = {isa = PBXFileReference; lastKnownFileType = text.plist.xml; path = Info.plist; sourceTree = "<group>"; };
		97383CB5241225E70076A135 /* KyotikaSTests.xctest */ = {isa = PBXFileReference; explicitFileType = wrapper.cfbundle; includeInIndex = 0; path = KyotikaSTests.xctest; sourceTree = BUILT_PRODUCTS_DIR; };
		97383CB9241225E70076A135 /* KyotikaSTests.swift */ = {isa = PBXFileReference; lastKnownFileType = sourcecode.swift; path = KyotikaSTests.swift; sourceTree = "<group>"; };
		97383CBB241225E70076A135 /* Info.plist */ = {isa = PBXFileReference; lastKnownFileType = text.plist.xml; path = Info.plist; sourceTree = "<group>"; };
		97383CC924122AEC0076A135 /* Vaults.sqlite */ = {isa = PBXFileReference; lastKnownFileType = file; path = Vaults.sqlite; sourceTree = "<group>"; };
		97383CCC24122B1A0076A135 /* Vaults.xcdatamodel */ = {isa = PBXFileReference; lastKnownFileType = wrapper.xcdatamodel; path = Vaults.xcdatamodel; sourceTree = "<group>"; };
		9739A770241B764A0090E055 /* AreaAnnotationView.swift */ = {isa = PBXFileReference; lastKnownFileType = sourcecode.swift; path = AreaAnnotationView.swift; sourceTree = "<group>"; };
		97417DBF2428A0E900CACBA0 /* LocationManager.swift */ = {isa = PBXFileReference; lastKnownFileType = sourcecode.swift; path = LocationManager.swift; sourceTree = "<group>"; };
		9757DFFB2416365500DAA670 /* Vaults.swift */ = {isa = PBXFileReference; lastKnownFileType = sourcecode.swift; path = Vaults.swift; sourceTree = "<group>"; };
		9757DFFD24163C6F00DAA670 /* TreasureAnnotation.swift */ = {isa = PBXFileReference; lastKnownFileType = sourcecode.swift; path = TreasureAnnotation.swift; sourceTree = "<group>"; };
		9762E0A42424948A00EDFCFF /* EventViewController.swift */ = {isa = PBXFileReference; lastKnownFileType = sourcecode.swift; path = EventViewController.swift; sourceTree = "<group>"; };
		9763B9C1241C742E0038F396 /* TreasureHunterAnnotationView.swift */ = {isa = PBXFileReference; fileEncoding = 4; lastKnownFileType = sourcecode.swift; path = TreasureHunterAnnotationView.swift; sourceTree = "<group>"; };
		9763B9C3241C748F0038F396 /* TreasureHunterAnnotation.swift */ = {isa = PBXFileReference; lastKnownFileType = sourcecode.swift; path = TreasureHunterAnnotation.swift; sourceTree = "<group>"; };
		979D9932241760A600E510DD /* TreasureAnnotationView.swift */ = {isa = PBXFileReference; lastKnownFileType = sourcecode.swift; path = TreasureAnnotationView.swift; sourceTree = "<group>"; };
		979D99342417767A00E510DD /* QuizTableViewController.swift */ = {isa = PBXFileReference; lastKnownFileType = sourcecode.swift; path = QuizTableViewController.swift; sourceTree = "<group>"; };
		97B774412429DD850014A634 /* HelpTabBarViewController.swift */ = {isa = PBXFileReference; lastKnownFileType = sourcecode.swift; path = HelpTabBarViewController.swift; sourceTree = "<group>"; };
		97B774432429F7810014A634 /* WalkingTreasureHunterView.swift */ = {isa = PBXFileReference; lastKnownFileType = sourcecode.swift; path = WalkingTreasureHunterView.swift; sourceTree = "<group>"; };
		97E7F32B24244BF300D07D47 /* LandmarkTabBarController.swift */ = {isa = PBXFileReference; lastKnownFileType = sourcecode.swift; path = LandmarkTabBarController.swift; sourceTree = "<group>"; };
		97E7F32D24244DAA00D07D47 /* LandmarkInfoViewController.swift */ = {isa = PBXFileReference; lastKnownFileType = sourcecode.swift; path = LandmarkInfoViewController.swift; sourceTree = "<group>"; };
		97E7F32F2424714700D07D47 /* KeywordTableViewControllerDelegate.swift */ = {isa = PBXFileReference; lastKnownFileType = sourcecode.swift; path = KeywordTableViewControllerDelegate.swift; sourceTree = "<group>"; };
		97EB5F962422F49F000E21C6 /* VaultTabBarController.swift */ = {isa = PBXFileReference; lastKnownFileType = sourcecode.swift; path = VaultTabBarController.swift; sourceTree = "<group>"; };
		97EB5F982422F4B9000E21C6 /* LandmarkTableViewController.swift */ = {isa = PBXFileReference; lastKnownFileType = sourcecode.swift; path = LandmarkTableViewController.swift; sourceTree = "<group>"; };
		97EB5F9A24233606000E21C6 /* KeywordTableViewController.swift */ = {isa = PBXFileReference; lastKnownFileType = sourcecode.swift; path = KeywordTableViewController.swift; sourceTree = "<group>"; };
		97EB5FBE24234E75000E21C6 /* DetailKeywordTableViewController.swift */ = {isa = PBXFileReference; lastKnownFileType = sourcecode.swift; path = DetailKeywordTableViewController.swift; sourceTree = "<group>"; };
/* End PBXFileReference section */

/* Begin PBXFrameworksBuildPhase section */
		97383C99241225E60076A135 /* Frameworks */ = {
			isa = PBXFrameworksBuildPhase;
			buildActionMask = 2147483647;
			files = (
			);
			runOnlyForDeploymentPostprocessing = 0;
		};
		97383CB2241225E70076A135 /* Frameworks */ = {
			isa = PBXFrameworksBuildPhase;
			buildActionMask = 2147483647;
			files = (
			);
			runOnlyForDeploymentPostprocessing = 0;
		};
/* End PBXFrameworksBuildPhase section */

/* Begin PBXGroup section */
		97383C93241225E60076A135 = {
			isa = PBXGroup;
			children = (
				97383C9E241225E60076A135 /* KyotikaS */,
				97383CB8241225E70076A135 /* KyotikaSTests */,
				97383C9D241225E60076A135 /* Products */,
			);
			sourceTree = "<group>";
		};
		97383C9D241225E60076A135 /* Products */ = {
			isa = PBXGroup;
			children = (
				97383C9C241225E60076A135 /* KyotikaS.app */,
				97383CB5241225E70076A135 /* KyotikaSTests.xctest */,
			);
			name = Products;
			sourceTree = "<group>";
		};
		97383C9E241225E60076A135 /* KyotikaS */ = {
			isa = PBXGroup;
			children = (
				97383C9F241225E60076A135 /* AppDelegate.swift */,
				97383CA1241225E60076A135 /* SceneDelegate.swift */,
				97383CA3241225E60076A135 /* ViewController.swift */,
				979D99342417767A00E510DD /* QuizTableViewController.swift */,
				9762E0A42424948A00EDFCFF /* EventViewController.swift */,
				97E7F32F2424714700D07D47 /* KeywordTableViewControllerDelegate.swift */,
				97E7F32924244B0000D07D47 /* VaultTabBar */,
				97E7F32A24244BAD00D07D47 /* LandmarkTabBar */,
				97383CA5241225E60076A135 /* Main.storyboard */,
				97383CAB241225E70076A135 /* Assets.xcassets */,
				97383CAD241225E70076A135 /* LaunchScreen.storyboard */,
				97383CB0241225E70076A135 /* Info.plist */,
				97383CC924122AEC0076A135 /* Vaults.sqlite */,
				97383CCB24122B1A0076A135 /* Vaults.xcdatamodeld */,
				9757DFFB2416365500DAA670 /* Vaults.swift */,
				97037579241A30E300C46D51 /* Progress.swift */,
				977614442429A7870024A218 /* Annotations */,
				97417DBF2428A0E900CACBA0 /* LocationManager.swift */,
			);
			path = KyotikaS;
			sourceTree = "<group>";
		};
		97383CB8241225E70076A135 /* KyotikaSTests */ = {
			isa = PBXGroup;
			children = (
				97383CB9241225E70076A135 /* KyotikaSTests.swift */,
				97383CBB241225E70076A135 /* Info.plist */,
			);
			path = KyotikaSTests;
			sourceTree = "<group>";
		};
		977614442429A7870024A218 /* Annotations */ = {
			isa = PBXGroup;
			children = (
				9757DFFD24163C6F00DAA670 /* TreasureAnnotation.swift */,
				979D9932241760A600E510DD /* TreasureAnnotationView.swift */,
				97158B9C241B1D390025D97F /* AreaAnnotation.swift */,
				9739A770241B764A0090E055 /* AreaAnnotationView.swift */,
				9763B9C3241C748F0038F396 /* TreasureHunterAnnotation.swift */,
				9763B9C1241C742E0038F396 /* TreasureHunterAnnotationView.swift */,
			);
			path = Annotations;
			sourceTree = "<group>";
		};
		97E7F32924244B0000D07D47 /* VaultTabBar */ = {
			isa = PBXGroup;
			children = (
				97EB5F962422F49F000E21C6 /* VaultTabBarController.swift */,
				97EB5F982422F4B9000E21C6 /* LandmarkTableViewController.swift */,
				97EB5F9A24233606000E21C6 /* KeywordTableViewController.swift */,
				97EB5FBE24234E75000E21C6 /* DetailKeywordTableViewController.swift */,
				97B774412429DD850014A634 /* HelpTabBarViewController.swift */,
				97B774432429F7810014A634 /* WalkingTreasureHunterView.swift */,
			);
			path = VaultTabBar;
			sourceTree = "<group>";
		};
		97E7F32A24244BAD00D07D47 /* LandmarkTabBar */ = {
			isa = PBXGroup;
			children = (
				97E7F32B24244BF300D07D47 /* LandmarkTabBarController.swift */,
				97E7F32D24244DAA00D07D47 /* LandmarkInfoViewController.swift */,
			);
			path = LandmarkTabBar;
			sourceTree = "<group>";
		};
/* End PBXGroup section */

/* Begin PBXNativeTarget section */
		97383C9B241225E60076A135 /* KyotikaS */ = {
			isa = PBXNativeTarget;
			buildConfigurationList = 97383CBE241225E70076A135 /* Build configuration list for PBXNativeTarget "KyotikaS" */;
			buildPhases = (
				97383C98241225E60076A135 /* Sources */,
				97383C99241225E60076A135 /* Frameworks */,
				97383C9A241225E60076A135 /* Resources */,
			);
			buildRules = (
			);
			dependencies = (
			);
			name = KyotikaS;
			productName = KyotikaS;
			productReference = 97383C9C241225E60076A135 /* KyotikaS.app */;
			productType = "com.apple.product-type.application";
		};
		97383CB4241225E70076A135 /* KyotikaSTests */ = {
			isa = PBXNativeTarget;
			buildConfigurationList = 97383CC1241225E70076A135 /* Build configuration list for PBXNativeTarget "KyotikaSTests" */;
			buildPhases = (
				97383CB1241225E70076A135 /* Sources */,
				97383CB2241225E70076A135 /* Frameworks */,
				97383CB3241225E70076A135 /* Resources */,
			);
			buildRules = (
			);
			dependencies = (
				97383CB7241225E70076A135 /* PBXTargetDependency */,
			);
			name = KyotikaSTests;
			productName = KyotikaSTests;
			productReference = 97383CB5241225E70076A135 /* KyotikaSTests.xctest */;
			productType = "com.apple.product-type.bundle.unit-test";
		};
/* End PBXNativeTarget section */

/* Begin PBXProject section */
		97383C94241225E60076A135 /* Project object */ = {
			isa = PBXProject;
			attributes = {
				LastSwiftUpdateCheck = 1130;
				LastUpgradeCheck = 1130;
				ORGANIZATIONNAME = toolstudio;
				TargetAttributes = {
					97383C9B241225E60076A135 = {
						CreatedOnToolsVersion = 11.3.1;
					};
					97383CB4241225E70076A135 = {
						CreatedOnToolsVersion = 11.3.1;
						TestTargetID = 97383C9B241225E60076A135;
					};
				};
			};
			buildConfigurationList = 97383C97241225E60076A135 /* Build configuration list for PBXProject "KyotikaS" */;
			compatibilityVersion = "Xcode 9.3";
			developmentRegion = en;
			hasScannedForEncodings = 0;
			knownRegions = (
				en,
				Base,
			);
			mainGroup = 97383C93241225E60076A135;
			productRefGroup = 97383C9D241225E60076A135 /* Products */;
			projectDirPath = "";
			projectRoot = "";
			targets = (
				97383C9B241225E60076A135 /* KyotikaS */,
				97383CB4241225E70076A135 /* KyotikaSTests */,
			);
		};
/* End PBXProject section */

/* Begin PBXResourcesBuildPhase section */
		97383C9A241225E60076A135 /* Resources */ = {
			isa = PBXResourcesBuildPhase;
			buildActionMask = 2147483647;
			files = (
				97383CCA24122AEC0076A135 /* Vaults.sqlite in Resources */,
				97383CAF241225E70076A135 /* LaunchScreen.storyboard in Resources */,
				97383CAC241225E70076A135 /* Assets.xcassets in Resources */,
				97383CA7241225E60076A135 /* Main.storyboard in Resources */,
			);
			runOnlyForDeploymentPostprocessing = 0;
		};
		97383CB3241225E70076A135 /* Resources */ = {
			isa = PBXResourcesBuildPhase;
			buildActionMask = 2147483647;
			files = (
			);
			runOnlyForDeploymentPostprocessing = 0;
		};
/* End PBXResourcesBuildPhase section */

/* Begin PBXSourcesBuildPhase section */
		97383C98241225E60076A135 /* Sources */ = {
			isa = PBXSourcesBuildPhase;
			buildActionMask = 2147483647;
			files = (
				97E7F32E24244DAA00D07D47 /* LandmarkInfoViewController.swift in Sources */,
				9763B9C2241C742E0038F396 /* TreasureHunterAnnotationView.swift in Sources */,
				9762E0A52424948A00EDFCFF /* EventViewController.swift in Sources */,
				9703757A241A30E300C46D51 /* Progress.swift in Sources */,
				97158B9D241B1D390025D97F /* AreaAnnotation.swift in Sources */,
				979D99352417767A00E510DD /* QuizTableViewController.swift in Sources */,
				97EB5FBF24234E75000E21C6 /* DetailKeywordTableViewController.swift in Sources */,
				97383CA4241225E60076A135 /* ViewController.swift in Sources */,
				9763B9C4241C748F0038F396 /* TreasureHunterAnnotation.swift in Sources */,
				9739A771241B764A0090E055 /* AreaAnnotationView.swift in Sources */,
				97EB5F992422F4B9000E21C6 /* LandmarkTableViewController.swift in Sources */,
				97B774422429DD850014A634 /* HelpTabBarViewController.swift in Sources */,
				97383CCD24122B1A0076A135 /* Vaults.xcdatamodeld in Sources */,
				9757DFFC2416365500DAA670 /* Vaults.swift in Sources */,
				97383CA0241225E60076A135 /* AppDelegate.swift in Sources */,
				97417DC02428A0E900CACBA0 /* LocationManager.swift in Sources */,
				97383CA2241225E60076A135 /* SceneDelegate.swift in Sources */,
				97EB5F972422F49F000E21C6 /* VaultTabBarController.swift in Sources */,
				979D9933241760A600E510DD /* TreasureAnnotationView.swift in Sources */,
				97B774442429F7810014A634 /* WalkingTreasureHunterView.swift in Sources */,
				97E7F32C24244BF300D07D47 /* LandmarkTabBarController.swift in Sources */,
				97EB5F9B24233606000E21C6 /* KeywordTableViewController.swift in Sources */,
				97E7F3302424714700D07D47 /* KeywordTableViewControllerDelegate.swift in Sources */,
				9757DFFE24163C6F00DAA670 /* TreasureAnnotation.swift in Sources */,
			);
			runOnlyForDeploymentPostprocessing = 0;
		};
		97383CB1241225E70076A135 /* Sources */ = {
			isa = PBXSourcesBuildPhase;
			buildActionMask = 2147483647;
			files = (
				97383CBA241225E70076A135 /* KyotikaSTests.swift in Sources */,
			);
			runOnlyForDeploymentPostprocessing = 0;
		};
/* End PBXSourcesBuildPhase section */

/* Begin PBXTargetDependency section */
		97383CB7241225E70076A135 /* PBXTargetDependency */ = {
			isa = PBXTargetDependency;
			target = 97383C9B241225E60076A135 /* KyotikaS */;
			targetProxy = 97383CB6241225E70076A135 /* PBXContainerItemProxy */;
		};
/* End PBXTargetDependency section */

/* Begin PBXVariantGroup section */
		97383CA5241225E60076A135 /* Main.storyboard */ = {
			isa = PBXVariantGroup;
			children = (
				97383CA6241225E60076A135 /* Base */,
			);
			name = Main.storyboard;
			sourceTree = "<group>";
		};
		97383CAD241225E70076A135 /* LaunchScreen.storyboard */ = {
			isa = PBXVariantGroup;
			children = (
				97383CAE241225E70076A135 /* Base */,
			);
			name = LaunchScreen.storyboard;
			sourceTree = "<group>";
		};
/* End PBXVariantGroup section */

/* Begin XCBuildConfiguration section */
		97383CBC241225E70076A135 /* Debug */ = {
			isa = XCBuildConfiguration;
			buildSettings = {
				ALWAYS_SEARCH_USER_PATHS = NO;
				CLANG_ANALYZER_NONNULL = YES;
				CLANG_ANALYZER_NUMBER_OBJECT_CONVERSION = YES_AGGRESSIVE;
				CLANG_CXX_LANGUAGE_STANDARD = "gnu++14";
				CLANG_CXX_LIBRARY = "libc++";
				CLANG_ENABLE_MODULES = YES;
				CLANG_ENABLE_OBJC_ARC = YES;
				CLANG_ENABLE_OBJC_WEAK = YES;
				CLANG_WARN_BLOCK_CAPTURE_AUTORELEASING = YES;
				CLANG_WARN_BOOL_CONVERSION = YES;
				CLANG_WARN_COMMA = YES;
				CLANG_WARN_CONSTANT_CONVERSION = YES;
				CLANG_WARN_DEPRECATED_OBJC_IMPLEMENTATIONS = YES;
				CLANG_WARN_DIRECT_OBJC_ISA_USAGE = YES_ERROR;
				CLANG_WARN_DOCUMENTATION_COMMENTS = YES;
				CLANG_WARN_EMPTY_BODY = YES;
				CLANG_WARN_ENUM_CONVERSION = YES;
				CLANG_WARN_INFINITE_RECURSION = YES;
				CLANG_WARN_INT_CONVERSION = YES;
				CLANG_WARN_NON_LITERAL_NULL_CONVERSION = YES;
				CLANG_WARN_OBJC_IMPLICIT_RETAIN_SELF = YES;
				CLANG_WARN_OBJC_LITERAL_CONVERSION = YES;
				CLANG_WARN_OBJC_ROOT_CLASS = YES_ERROR;
				CLANG_WARN_RANGE_LOOP_ANALYSIS = YES;
				CLANG_WARN_STRICT_PROTOTYPES = YES;
				CLANG_WARN_SUSPICIOUS_MOVE = YES;
				CLANG_WARN_UNGUARDED_AVAILABILITY = YES_AGGRESSIVE;
				CLANG_WARN_UNREACHABLE_CODE = YES;
				CLANG_WARN__DUPLICATE_METHOD_MATCH = YES;
				COPY_PHASE_STRIP = NO;
				DEBUG_INFORMATION_FORMAT = dwarf;
				ENABLE_STRICT_OBJC_MSGSEND = YES;
				ENABLE_TESTABILITY = YES;
				GCC_C_LANGUAGE_STANDARD = gnu11;
				GCC_DYNAMIC_NO_PIC = NO;
				GCC_NO_COMMON_BLOCKS = YES;
				GCC_OPTIMIZATION_LEVEL = 0;
				GCC_PREPROCESSOR_DEFINITIONS = (
					"DEBUG=1",
					"$(inherited)",
				);
				GCC_WARN_64_TO_32_BIT_CONVERSION = YES;
				GCC_WARN_ABOUT_RETURN_TYPE = YES_ERROR;
				GCC_WARN_UNDECLARED_SELECTOR = YES;
				GCC_WARN_UNINITIALIZED_AUTOS = YES_AGGRESSIVE;
				GCC_WARN_UNUSED_FUNCTION = YES;
				GCC_WARN_UNUSED_VARIABLE = YES;
				IPHONEOS_DEPLOYMENT_TARGET = 13.2;
				MTL_ENABLE_DEBUG_INFO = INCLUDE_SOURCE;
				MTL_FAST_MATH = YES;
				ONLY_ACTIVE_ARCH = YES;
				SDKROOT = iphoneos;
				SWIFT_ACTIVE_COMPILATION_CONDITIONS = DEBUG;
				SWIFT_OPTIMIZATION_LEVEL = "-Onone";
			};
			name = Debug;
		};
		97383CBD241225E70076A135 /* Release */ = {
			isa = XCBuildConfiguration;
			buildSettings = {
				ALWAYS_SEARCH_USER_PATHS = NO;
				CLANG_ANALYZER_NONNULL = YES;
				CLANG_ANALYZER_NUMBER_OBJECT_CONVERSION = YES_AGGRESSIVE;
				CLANG_CXX_LANGUAGE_STANDARD = "gnu++14";
				CLANG_CXX_LIBRARY = "libc++";
				CLANG_ENABLE_MODULES = YES;
				CLANG_ENABLE_OBJC_ARC = YES;
				CLANG_ENABLE_OBJC_WEAK = YES;
				CLANG_WARN_BLOCK_CAPTURE_AUTORELEASING = YES;
				CLANG_WARN_BOOL_CONVERSION = YES;
				CLANG_WARN_COMMA = YES;
				CLANG_WARN_CONSTANT_CONVERSION = YES;
				CLANG_WARN_DEPRECATED_OBJC_IMPLEMENTATIONS = YES;
				CLANG_WARN_DIRECT_OBJC_ISA_USAGE = YES_ERROR;
				CLANG_WARN_DOCUMENTATION_COMMENTS = YES;
				CLANG_WARN_EMPTY_BODY = YES;
				CLANG_WARN_ENUM_CONVERSION = YES;
				CLANG_WARN_INFINITE_RECURSION = YES;
				CLANG_WARN_INT_CONVERSION = YES;
				CLANG_WARN_NON_LITERAL_NULL_CONVERSION = YES;
				CLANG_WARN_OBJC_IMPLICIT_RETAIN_SELF = YES;
				CLANG_WARN_OBJC_LITERAL_CONVERSION = YES;
				CLANG_WARN_OBJC_ROOT_CLASS = YES_ERROR;
				CLANG_WARN_RANGE_LOOP_ANALYSIS = YES;
				CLANG_WARN_STRICT_PROTOTYPES = YES;
				CLANG_WARN_SUSPICIOUS_MOVE = YES;
				CLANG_WARN_UNGUARDED_AVAILABILITY = YES_AGGRESSIVE;
				CLANG_WARN_UNREACHABLE_CODE = YES;
				CLANG_WARN__DUPLICATE_METHOD_MATCH = YES;
				COPY_PHASE_STRIP = NO;
				DEBUG_INFORMATION_FORMAT = "dwarf-with-dsym";
				ENABLE_NS_ASSERTIONS = NO;
				ENABLE_STRICT_OBJC_MSGSEND = YES;
				GCC_C_LANGUAGE_STANDARD = gnu11;
				GCC_NO_COMMON_BLOCKS = YES;
				GCC_WARN_64_TO_32_BIT_CONVERSION = YES;
				GCC_WARN_ABOUT_RETURN_TYPE = YES_ERROR;
				GCC_WARN_UNDECLARED_SELECTOR = YES;
				GCC_WARN_UNINITIALIZED_AUTOS = YES_AGGRESSIVE;
				GCC_WARN_UNUSED_FUNCTION = YES;
				GCC_WARN_UNUSED_VARIABLE = YES;
				IPHONEOS_DEPLOYMENT_TARGET = 13.2;
				MTL_ENABLE_DEBUG_INFO = NO;
				MTL_FAST_MATH = YES;
				SDKROOT = iphoneos;
				SWIFT_COMPILATION_MODE = wholemodule;
				SWIFT_OPTIMIZATION_LEVEL = "-O";
				VALIDATE_PRODUCT = YES;
			};
			name = Release;
		};
		97383CBF241225E70076A135 /* Debug */ = {
			isa = XCBuildConfiguration;
			buildSettings = {
				ASSETCATALOG_COMPILER_APPICON_NAME = AppIcon;
				CODE_SIGN_STYLE = Automatic;
				INFOPLIST_FILE = KyotikaS/Info.plist;
				LD_RUNPATH_SEARCH_PATHS = (
					"$(inherited)",
					"@executable_path/Frameworks",
				);
				PRODUCT_BUNDLE_IDENTIFIER = toolstudio.KyotikaS;
				PRODUCT_NAME = "$(TARGET_NAME)";
				SWIFT_VERSION = 5.0;
				TARGETED_DEVICE_FAMILY = "1,2";
			};
			name = Debug;
		};
		97383CC0241225E70076A135 /* Release */ = {
			isa = XCBuildConfiguration;
			buildSettings = {
				ASSETCATALOG_COMPILER_APPICON_NAME = AppIcon;
				CODE_SIGN_STYLE = Automatic;
				INFOPLIST_FILE = KyotikaS/Info.plist;
				LD_RUNPATH_SEARCH_PATHS = (
					"$(inherited)",
					"@executable_path/Frameworks",
				);
				PRODUCT_BUNDLE_IDENTIFIER = toolstudio.KyotikaS;
				PRODUCT_NAME = "$(TARGET_NAME)";
				SWIFT_VERSION = 5.0;
				TARGETED_DEVICE_FAMILY = "1,2";
			};
			name = Release;
		};
		97383CC2241225E70076A135 /* Debug */ = {
			isa = XCBuildConfiguration;
			buildSettings = {
				ALWAYS_EMBED_SWIFT_STANDARD_LIBRARIES = YES;
				BUNDLE_LOADER = "$(TEST_HOST)";
				CODE_SIGN_STYLE = Automatic;
				INFOPLIST_FILE = KyotikaSTests/Info.plist;
				IPHONEOS_DEPLOYMENT_TARGET = 13.2;
				LD_RUNPATH_SEARCH_PATHS = (
					"$(inherited)",
					"@executable_path/Frameworks",
					"@loader_path/Frameworks",
				);
				PRODUCT_BUNDLE_IDENTIFIER = toolstudio.KyotikaSTests;
				PRODUCT_NAME = "$(TARGET_NAME)";
				SWIFT_VERSION = 5.0;
				TARGETED_DEVICE_FAMILY = "1,2";
				TEST_HOST = "$(BUILT_PRODUCTS_DIR)/KyotikaS.app/KyotikaS";
			};
			name = Debug;
		};
		97383CC3241225E70076A135 /* Release */ = {
			isa = XCBuildConfiguration;
			buildSettings = {
				ALWAYS_EMBED_SWIFT_STANDARD_LIBRARIES = YES;
				BUNDLE_LOADER = "$(TEST_HOST)";
				CODE_SIGN_STYLE = Automatic;
				INFOPLIST_FILE = KyotikaSTests/Info.plist;
				IPHONEOS_DEPLOYMENT_TARGET = 13.2;
				LD_RUNPATH_SEARCH_PATHS = (
					"$(inherited)",
					"@executable_path/Frameworks",
					"@loader_path/Frameworks",
				);
				PRODUCT_BUNDLE_IDENTIFIER = toolstudio.KyotikaSTests;
				PRODUCT_NAME = "$(TARGET_NAME)";
				SWIFT_VERSION = 5.0;
				TARGETED_DEVICE_FAMILY = "1,2";
				TEST_HOST = "$(BUILT_PRODUCTS_DIR)/KyotikaS.app/KyotikaS";
			};
			name = Release;
		};
/* End XCBuildConfiguration section */

/* Begin XCConfigurationList section */
		97383C97241225E60076A135 /* Build configuration list for PBXProject "KyotikaS" */ = {
			isa = XCConfigurationList;
			buildConfigurations = (
				97383CBC241225E70076A135 /* Debug */,
				97383CBD241225E70076A135 /* Release */,
			);
			defaultConfigurationIsVisible = 0;
			defaultConfigurationName = Release;
		};
		97383CBE241225E70076A135 /* Build configuration list for PBXNativeTarget "KyotikaS" */ = {
			isa = XCConfigurationList;
			buildConfigurations = (
				97383CBF241225E70076A135 /* Debug */,
				97383CC0241225E70076A135 /* Release */,
			);
			defaultConfigurationIsVisible = 0;
			defaultConfigurationName = Release;
		};
		97383CC1241225E70076A135 /* Build configuration list for PBXNativeTarget "KyotikaSTests" */ = {
			isa = XCConfigurationList;
			buildConfigurations = (
				97383CC2241225E70076A135 /* Debug */,
				97383CC3241225E70076A135 /* Release */,
			);
			defaultConfigurationIsVisible = 0;
			defaultConfigurationName = Release;
		};
/* End XCConfigurationList section */

/* Begin XCVersionGroup section */
		97383CCB24122B1A0076A135 /* Vaults.xcdatamodeld */ = {
			isa = XCVersionGroup;
			children = (
				97383CCC24122B1A0076A135 /* Vaults.xcdatamodel */,
			);
			currentVersion = 97383CCC24122B1A0076A135 /* Vaults.xcdatamodel */;
			path = Vaults.xcdatamodeld;
			sourceTree = "<group>";
			versionGroupType = wrapper.xcdatamodel;
		};
/* End XCVersionGroup section */
	};
	rootObject = 97383C94241225E60076A135 /* Project object */;
}
